
Microsoft Visual Studio Solution File, Format Version 12.00
# Visual Studio Version 16
VisualStudioVersion = 16.0.31402.337
MinimumVisualStudioVersion = 10.0.40219.1
Project("{FAE04EC0-301F-11D3-BF4B-00C04F79EFBC}") = "ExerciciosCSharp05TryCatchWindowsForms", "ExerciciosCSharp05TryCatchWindowsForms\ExerciciosCSharp05TryCatchWindowsForms.csproj", "{3D15C96B-CF28-437A-BCC8-3F859EF12C89}"
EndProject
Project("{FAE04EC0-301F-11D3-BF4B-00C04F79EFBC}") = "Exercicios", "Exercicios\Exercicios.csproj", "{01DB4157-E9CB-47BE-88CF-AD5AF880A1BB}"
EndProject
Project("{FAE04EC0-301F-11D3-BF4B-00C04F79EFBC}") = "ExerciciosException", "ExerciciosException\ExerciciosException.csproj", "{043AD488-00B7-4311-82AA-974EC799414B}"
EndProject
Global
	GlobalSection(SolutionConfigurationPlatforms) = preSolution
		Debug|Any CPU = Debug|Any CPU
		Release|Any CPU = Release|Any CPU
	EndGlobalSection
	GlobalSection(ProjectConfigurationPlatforms) = postSolution
		{3D15C96B-CF28-437A-BCC8-3F859EF12C89}.Debug|Any CPU.ActiveCfg = Debug|Any CPU
		{3D15C96B-CF28-437A-BCC8-3F859EF12C89}.Debug|Any CPU.Build.0 = Debug|Any CPU
		{3D15C96B-CF28-437A-BCC8-3F859EF12C89}.Release|Any CPU.ActiveCfg = Release|Any CPU
		{3D15C96B-CF28-437A-BCC8-3F859EF12C89}.Release|Any CPU.Build.0 = Release|Any CPU
		{01DB4157-E9CB-47BE-88CF-AD5AF880A1BB}.Debug|Any CPU.ActiveCfg = Debug|Any CPU
		{01DB4157-E9CB-47BE-88CF-AD5AF880A1BB}.Debug|Any CPU.Build.0 = Debug|Any CPU
		{01DB4157-E9CB-47BE-88CF-AD5AF880A1BB}.Release|Any CPU.ActiveCfg = Release|Any CPU
		{01DB4157-E9CB-47BE-88CF-AD5AF880A1BB}.Release|Any CPU.Build.0 = Release|Any CPU
		{043AD488-00B7-4311-82AA-974EC799414B}.Debug|Any CPU.ActiveCfg = Debug|Any CPU
		{043AD488-00B7-4311-82AA-974EC799414B}.Debug|Any CPU.Build.0 = Debug|Any CPU
		{043AD488-00B7-4311-82AA-974EC799414B}.Release|Any CPU.ActiveCfg = Release|Any CPU
		{043AD488-00B7-4311-82AA-974EC799414B}.Release|Any CPU.Build.0 = Release|Any CPU
	EndGlobalSection
	GlobalSection(SolutionProperties) = preSolution
		HideSolutionNode = FALSE
	EndGlobalSection
	GlobalSection(ExtensibilityGlobals) = postSolution
		SolutionGuid = {7EB7AC7A-1483-41A5-8F86-F4C456948618}
	EndGlobalSection
EndGlobal
